// !$*UTF8*$!
{
	archiveVersion = 1;
	classes = {
	};
	objectVersion = 56;
	objects = {

/* Begin PBXBuildFile section */
		6465B8B32AA90561008697A1 /* Constants.swift in Sources */ = {isa = PBXBuildFile; fileRef = 6465B8B22AA90561008697A1 /* Constants.swift */; };
		649569DA2AA7A1120082C27A /* AppDelegate.swift in Sources */ = {isa = PBXBuildFile; fileRef = 649569D92AA7A1120082C27A /* AppDelegate.swift */; };
		649569DC2AA7A1120082C27A /* SceneDelegate.swift in Sources */ = {isa = PBXBuildFile; fileRef = 649569DB2AA7A1120082C27A /* SceneDelegate.swift */; };
		649569E32AA7A1130082C27A /* Assets.xcassets in Resources */ = {isa = PBXBuildFile; fileRef = 649569E22AA7A1130082C27A /* Assets.xcassets */; };
		649569E62AA7A1130082C27A /* LaunchScreen.storyboard in Resources */ = {isa = PBXBuildFile; fileRef = 649569E42AA7A1130082C27A /* LaunchScreen.storyboard */; };
		649569F42AA7B1720082C27A /* HomeScreen.swift in Sources */ = {isa = PBXBuildFile; fileRef = 649569F32AA7B1720082C27A /* HomeScreen.swift */; };
		649569F62AA7B1B10082C27A /* NetworkManager.swift in Sources */ = {isa = PBXBuildFile; fileRef = 649569F52AA7B1B10082C27A /* NetworkManager.swift */; };
		64A85CED2AA902C7006C6D33 /* Movie.swift in Sources */ = {isa = PBXBuildFile; fileRef = 64A85CEC2AA902C7006C6D33 /* Movie.swift */; };
		64A85CEF2AA90343006C6D33 /* MovieService.swift in Sources */ = {isa = PBXBuildFile; fileRef = 64A85CEE2AA90343006C6D33 /* MovieService.swift */; };
/* End PBXBuildFile section */

/* Begin PBXFileReference section */
		6465B8B22AA90561008697A1 /* Constants.swift */ = {isa = PBXFileReference; lastKnownFileType = sourcecode.swift; path = Constants.swift; sourceTree = "<group>"; };
		649569D62AA7A1120082C27A /* Movie-App.app */ = {isa = PBXFileReference; explicitFileType = wrapper.application; includeInIndex = 0; path = "Movie-App.app"; sourceTree = BUILT_PRODUCTS_DIR; };
		649569D92AA7A1120082C27A /* AppDelegate.swift */ = {isa = PBXFileReference; lastKnownFileType = sourcecode.swift; path = AppDelegate.swift; sourceTree = "<group>"; };
		649569DB2AA7A1120082C27A /* SceneDelegate.swift */ = {isa = PBXFileReference; lastKnownFileType = sourcecode.swift; path = SceneDelegate.swift; sourceTree = "<group>"; };
		649569E22AA7A1130082C27A /* Assets.xcassets */ = {isa = PBXFileReference; lastKnownFileType = folder.assetcatalog; path = Assets.xcassets; sourceTree = "<group>"; };
		649569E52AA7A1130082C27A /* Base */ = {isa = PBXFileReference; lastKnownFileType = file.storyboard; name = Base; path = Base.lproj/LaunchScreen.storyboard; sourceTree = "<group>"; };
		649569E72AA7A1130082C27A /* Info.plist */ = {isa = PBXFileReference; lastKnownFileType = text.plist.xml; path = Info.plist; sourceTree = "<group>"; };
		649569F32AA7B1720082C27A /* HomeScreen.swift */ = {isa = PBXFileReference; lastKnownFileType = sourcecode.swift; path = HomeScreen.swift; sourceTree = "<group>"; };
		649569F52AA7B1B10082C27A /* NetworkManager.swift */ = {isa = PBXFileReference; lastKnownFileType = sourcecode.swift; path = NetworkManager.swift; sourceTree = "<group>"; };
		64A85CEC2AA902C7006C6D33 /* Movie.swift */ = {isa = PBXFileReference; lastKnownFileType = sourcecode.swift; path = Movie.swift; sourceTree = "<group>"; };
		64A85CEE2AA90343006C6D33 /* MovieService.swift */ = {isa = PBXFileReference; lastKnownFileType = sourcecode.swift; path = MovieService.swift; sourceTree = "<group>"; };
/* End PBXFileReference section */

/* Begin PBXFrameworksBuildPhase section */
		649569D32AA7A1120082C27A /* Frameworks */ = {
			isa = PBXFrameworksBuildPhase;
			buildActionMask = 2147483647;
			files = (
			);
			runOnlyForDeploymentPostprocessing = 0;
		};
/* End PBXFrameworksBuildPhase section */

/* Begin PBXGroup section */
		649569CD2AA7A1120082C27A = {
			isa = PBXGroup;
			children = (
				649569D82AA7A1120082C27A /* Movie-App */,
				649569D72AA7A1120082C27A /* Products */,
			);
			sourceTree = "<group>";
		};
		649569D72AA7A1120082C27A /* Products */ = {
			isa = PBXGroup;
			children = (
				649569D62AA7A1120082C27A /* Movie-App.app */,
			);
			name = Products;
			sourceTree = "<group>";
		};
		649569D82AA7A1120082C27A /* Movie-App */ = {
			isa = PBXGroup;
			children = (
				649569ED2AA7A2FE0082C27A /* Utilities */,
				649569EF2AA7A3260082C27A /* Models */,
				649569EE2AA7A3160082C27A /* Services */,
				649569F02AA7A3310082C27A /* Core */,
				649569D92AA7A1120082C27A /* AppDelegate.swift */,
				649569DB2AA7A1120082C27A /* SceneDelegate.swift */,
				649569E22AA7A1130082C27A /* Assets.xcassets */,
				649569E42AA7A1130082C27A /* LaunchScreen.storyboard */,
				649569E72AA7A1130082C27A /* Info.plist */,
			);
			path = "Movie-App";
			sourceTree = "<group>";
		};
		649569ED2AA7A2FE0082C27A /* Utilities */ = {
			isa = PBXGroup;
			children = (
				649569F52AA7B1B10082C27A /* NetworkManager.swift */,
				6465B8B22AA90561008697A1 /* Constants.swift */,
			);
			path = Utilities;
			sourceTree = "<group>";
		};
		649569EE2AA7A3160082C27A /* Services */ = {
			isa = PBXGroup;
			children = (
				64A85CEE2AA90343006C6D33 /* MovieService.swift */,
			);
			path = Services;
			sourceTree = "<group>";
		};
		649569EF2AA7A3260082C27A /* Models */ = {
			isa = PBXGroup;
			children = (
				64A85CEC2AA902C7006C6D33 /* Movie.swift */,
			);
			path = Models;
			sourceTree = "<group>";
		};
		649569F02AA7A3310082C27A /* Core */ = {
			isa = PBXGroup;
			children = (
				649569F22AA7B1440082C27A /* HomeScreen */,
				649569F12AA7A3440082C27A /* Components */,
			);
			path = Core;
			sourceTree = "<group>";
		};
		649569F12AA7A3440082C27A /* Components */ = {
			isa = PBXGroup;
			children = (
			);
			path = Components;
			sourceTree = "<group>";
		};
		649569F22AA7B1440082C27A /* HomeScreen */ = {
			isa = PBXGroup;
			children = (
				649569F32AA7B1720082C27A /* HomeScreen.swift */,
			);
			path = HomeScreen;
			sourceTree = "<group>";
		};
/* End PBXGroup section */

/* Begin PBXNativeTarget section */
		649569D52AA7A1120082C27A /* Movie-App */ = {
			isa = PBXNativeTarget;
			buildConfigurationList = 649569EA2AA7A1130082C27A /* Build configuration list for PBXNativeTarget "Movie-App" */;
			buildPhases = (
				649569D22AA7A1120082C27A /* Sources */,
				649569D32AA7A1120082C27A /* Frameworks */,
				649569D42AA7A1120082C27A /* Resources */,
			);
			buildRules = (
			);
			dependencies = (
			);
			name = "Movie-App";
			productName = "Movie-App";
			productReference = 649569D62AA7A1120082C27A /* Movie-App.app */;
			productType = "com.apple.product-type.application";
		};
/* End PBXNativeTarget section */

/* Begin PBXProject section */
		649569CE2AA7A1120082C27A /* Project object */ = {
			isa = PBXProject;
			attributes = {
				BuildIndependentTargetsInParallel = 1;
				LastSwiftUpdateCheck = 1420;
				LastUpgradeCheck = 1420;
				TargetAttributes = {
					649569D52AA7A1120082C27A = {
						CreatedOnToolsVersion = 14.2;
					};
				};
			};
			buildConfigurationList = 649569D12AA7A1120082C27A /* Build configuration list for PBXProject "Movie-App" */;
			compatibilityVersion = "Xcode 14.0";
			developmentRegion = en;
			hasScannedForEncodings = 0;
			knownRegions = (
				en,
				Base,
			);
			mainGroup = 649569CD2AA7A1120082C27A;
			productRefGroup = 649569D72AA7A1120082C27A /* Products */;
			projectDirPath = "";
			projectRoot = "";
			targets = (
				649569D52AA7A1120082C27A /* Movie-App */,
			);
		};
/* End PBXProject section */

/* Begin PBXResourcesBuildPhase section */
		649569D42AA7A1120082C27A /* Resources */ = {
			isa = PBXResourcesBuildPhase;
			buildActionMask = 2147483647;
			files = (
				649569E62AA7A1130082C27A /* LaunchScreen.storyboard in Resources */,
				649569E32AA7A1130082C27A /* Assets.xcassets in Resources */,
			);
			runOnlyForDeploymentPostprocessing = 0;
		};
/* End PBXResourcesBuildPhase section */

/* Begin PBXSourcesBuildPhase section */
		649569D22AA7A1120082C27A /* Sources */ = {
			isa = PBXSourcesBuildPhase;
			buildActionMask = 2147483647;
			files = (
				64A85CEF2AA90343006C6D33 /* MovieService.swift in Sources */,
				649569F62AA7B1B10082C27A /* NetworkManager.swift in Sources */,
				649569DA2AA7A1120082C27A /* AppDelegate.swift in Sources */,
				649569DC2AA7A1120082C27A /* SceneDelegate.swift in Sources */,
				6465B8B32AA90561008697A1 /* Constants.swift in Sources */,
				649569F42AA7B1720082C27A /* HomeScreen.swift in Sources */,
				64A85CED2AA902C7006C6D33 /* Movie.swift in Sources */,
			);
			runOnlyForDeploymentPostprocessing = 0;
		};
/* End PBXSourcesBuildPhase section */

/* Begin PBXVariantGroup section */
		649569E42AA7A1130082C27A /* LaunchScreen.storyboard */ = {
			isa = PBXVariantGroup;
			children = (
				649569E52AA7A1130082C27A /* Base */,
			);
			name = LaunchScreen.storyboard;
			sourceTree = "<group>";
		};
/* End PBXVariantGroup section */

/* Begin XCBuildConfiguration section */
		649569E82AA7A1130082C27A /* Debug */ = {
			isa = XCBuildConfiguration;
			buildSettings = {
				ALWAYS_SEARCH_USER_PATHS = NO;
				CLANG_ANALYZER_NONNULL = YES;
				CLANG_ANALYZER_NUMBER_OBJECT_CONVERSION = YES_AGGRESSIVE;
				CLANG_CXX_LANGUAGE_STANDARD = "gnu++20";
				CLANG_ENABLE_MODULES = YES;
				CLANG_ENABLE_OBJC_ARC = YES;
				CLANG_ENABLE_OBJC_WEAK = YES;
				CLANG_WARN_BLOCK_CAPTURE_AUTORELEASING = YES;
				CLANG_WARN_BOOL_CONVERSION = YES;
				CLANG_WARN_COMMA = YES;
				CLANG_WARN_CONSTANT_CONVERSION = YES;
				CLANG_WARN_DEPRECATED_OBJC_IMPLEMENTATIONS = YES;
				CLANG_WARN_DIRECT_OBJC_ISA_USAGE = YES_ERROR;
				CLANG_WARN_DOCUMENTATION_COMMENTS = YES;
				CLANG_WARN_EMPTY_BODY = YES;
				CLANG_WARN_ENUM_CONVERSION = YES;
				CLANG_WARN_INFINITE_RECURSION = YES;
				CLANG_WARN_INT_CONVERSION = YES;
				CLANG_WARN_NON_LITERAL_NULL_CONVERSION = YES;
				CLANG_WARN_OBJC_IMPLICIT_RETAIN_SELF = YES;
				CLANG_WARN_OBJC_LITERAL_CONVERSION = YES;
				CLANG_WARN_OBJC_ROOT_CLASS = YES_ERROR;
				CLANG_WARN_QUOTED_INCLUDE_IN_FRAMEWORK_HEADER = YES;
				CLANG_WARN_RANGE_LOOP_ANALYSIS = YES;
				CLANG_WARN_STRICT_PROTOTYPES = YES;
				CLANG_WARN_SUSPICIOUS_MOVE = YES;
				CLANG_WARN_UNGUARDED_AVAILABILITY = YES_AGGRESSIVE;
				CLANG_WARN_UNREACHABLE_CODE = YES;
				CLANG_WARN__DUPLICATE_METHOD_MATCH = YES;
				COPY_PHASE_STRIP = NO;
				DEBUG_INFORMATION_FORMAT = dwarf;
				ENABLE_STRICT_OBJC_MSGSEND = YES;
				ENABLE_TESTABILITY = YES;
				GCC_C_LANGUAGE_STANDARD = gnu11;
				GCC_DYNAMIC_NO_PIC = NO;
				GCC_NO_COMMON_BLOCKS = YES;
				GCC_OPTIMIZATION_LEVEL = 0;
				GCC_PREPROCESSOR_DEFINITIONS = (
					"DEBUG=1",
					"$(inherited)",
				);
				GCC_WARN_64_TO_32_BIT_CONVERSION = YES;
				GCC_WARN_ABOUT_RETURN_TYPE = YES_ERROR;
				GCC_WARN_UNDECLARED_SELECTOR = YES;
				GCC_WARN_UNINITIALIZED_AUTOS = YES_AGGRESSIVE;
				GCC_WARN_UNUSED_FUNCTION = YES;
				GCC_WARN_UNUSED_VARIABLE = YES;
				IPHONEOS_DEPLOYMENT_TARGET = 16.2;
				MTL_ENABLE_DEBUG_INFO = INCLUDE_SOURCE;
				MTL_FAST_MATH = YES;
				ONLY_ACTIVE_ARCH = YES;
				SDKROOT = iphoneos;
				SWIFT_ACTIVE_COMPILATION_CONDITIONS = DEBUG;
				SWIFT_OPTIMIZATION_LEVEL = "-Onone";
			};
			name = Debug;
		};
		649569E92AA7A1130082C27A /* Release */ = {
			isa = XCBuildConfiguration;
			buildSettings = {
				ALWAYS_SEARCH_USER_PATHS = NO;
				CLANG_ANALYZER_NONNULL = YES;
				CLANG_ANALYZER_NUMBER_OBJECT_CONVERSION = YES_AGGRESSIVE;
				CLANG_CXX_LANGUAGE_STANDARD = "gnu++20";
				CLANG_ENABLE_MODULES = YES;
				CLANG_ENABLE_OBJC_ARC = YES;
				CLANG_ENABLE_OBJC_WEAK = YES;
				CLANG_WARN_BLOCK_CAPTURE_AUTORELEASING = YES;
				CLANG_WARN_BOOL_CONVERSION = YES;
				CLANG_WARN_COMMA = YES;
				CLANG_WARN_CONSTANT_CONVERSION = YES;
				CLANG_WARN_DEPRECATED_OBJC_IMPLEMENTATIONS = YES;
				CLANG_WARN_DIRECT_OBJC_ISA_USAGE = YES_ERROR;
				CLANG_WARN_DOCUMENTATION_COMMENTS = YES;
				CLANG_WARN_EMPTY_BODY = YES;
				CLANG_WARN_ENUM_CONVERSION = YES;
				CLANG_WARN_INFINITE_RECURSION = YES;
				CLANG_WARN_INT_CONVERSION = YES;
				CLANG_WARN_NON_LITERAL_NULL_CONVERSION = YES;
				CLANG_WARN_OBJC_IMPLICIT_RETAIN_SELF = YES;
				CLANG_WARN_OBJC_LITERAL_CONVERSION = YES;
				CLANG_WARN_OBJC_ROOT_CLASS = YES_ERROR;
				CLANG_WARN_QUOTED_INCLUDE_IN_FRAMEWORK_HEADER = YES;
				CLANG_WARN_RANGE_LOOP_ANALYSIS = YES;
				CLANG_WARN_STRICT_PROTOTYPES = YES;
				CLANG_WARN_SUSPICIOUS_MOVE = YES;
				CLANG_WARN_UNGUARDED_AVAILABILITY = YES_AGGRESSIVE;
				CLANG_WARN_UNREACHABLE_CODE = YES;
				CLANG_WARN__DUPLICATE_METHOD_MATCH = YES;
				COPY_PHASE_STRIP = NO;
				DEBUG_INFORMATION_FORMAT = "dwarf-with-dsym";
				ENABLE_NS_ASSERTIONS = NO;
				ENABLE_STRICT_OBJC_MSGSEND = YES;
				GCC_C_LANGUAGE_STANDARD = gnu11;
				GCC_NO_COMMON_BLOCKS = YES;
				GCC_WARN_64_TO_32_BIT_CONVERSION = YES;
				GCC_WARN_ABOUT_RETURN_TYPE = YES_ERROR;
				GCC_WARN_UNDECLARED_SELECTOR = YES;
				GCC_WARN_UNINITIALIZED_AUTOS = YES_AGGRESSIVE;
				GCC_WARN_UNUSED_FUNCTION = YES;
				GCC_WARN_UNUSED_VARIABLE = YES;
				IPHONEOS_DEPLOYMENT_TARGET = 16.2;
				MTL_ENABLE_DEBUG_INFO = NO;
				MTL_FAST_MATH = YES;
				SDKROOT = iphoneos;
				SWIFT_COMPILATION_MODE = wholemodule;
				SWIFT_OPTIMIZATION_LEVEL = "-O";
				VALIDATE_PRODUCT = YES;
			};
			name = Release;
		};
		649569EB2AA7A1130082C27A /* Debug */ = {
			isa = XCBuildConfiguration;
			buildSettings = {
				ASSETCATALOG_COMPILER_APPICON_NAME = AppIcon;
				ASSETCATALOG_COMPILER_GLOBAL_ACCENT_COLOR_NAME = AccentColor;
				CODE_SIGN_STYLE = Automatic;
				CURRENT_PROJECT_VERSION = 1;
				GENERATE_INFOPLIST_FILE = YES;
				INFOPLIST_FILE = "Movie-App/Info.plist";
				INFOPLIST_KEY_UIApplicationSupportsIndirectInputEvents = YES;
				INFOPLIST_KEY_UILaunchStoryboardName = LaunchScreen;
				INFOPLIST_KEY_UISupportedInterfaceOrientations_iPad = "UIInterfaceOrientationPortrait UIInterfaceOrientationPortraitUpsideDown UIInterfaceOrientationLandscapeLeft UIInterfaceOrientationLandscapeRight";
				INFOPLIST_KEY_UISupportedInterfaceOrientations_iPhone = "UIInterfaceOrientationPortrait UIInterfaceOrientationLandscapeLeft UIInterfaceOrientationLandscapeRight";
				LD_RUNPATH_SEARCH_PATHS = (
					"$(inherited)",
					"@executable_path/Frameworks",
				);
				MARKETING_VERSION = 1.0;
				PRODUCT_BUNDLE_IDENTIFIER = "co.bahittin.Movie-App";
				PRODUCT_NAME = "$(TARGET_NAME)";
				SWIFT_EMIT_LOC_STRINGS = YES;
				SWIFT_VERSION = 5.0;
				TARGETED_DEVICE_FAMILY = "1,2";
			};
			name = Debug;
		};
		649569EC2AA7A1130082C27A /* Release */ = {
			isa = XCBuildConfiguration;
			buildSettings = {
				ASSETCATALOG_COMPILER_APPICON_NAME = AppIcon;
				ASSETCATALOG_COMPILER_GLOBAL_ACCENT_COLOR_NAME = AccentColor;
				CODE_SIGN_STYLE = Automatic;
				CURRENT_PROJECT_VERSION = 1;
				GENERATE_INFOPLIST_FILE = YES;
				INFOPLIST_FILE = "Movie-App/Info.plist";
				INFOPLIST_KEY_UIApplicationSupportsIndirectInputEvents = YES;
				INFOPLIST_KEY_UILaunchStoryboardName = LaunchScreen;
				INFOPLIST_KEY_UISupportedInterfaceOrientations_iPad = "UIInterfaceOrientationPortrait UIInterfaceOrientationPortraitUpsideDown UIInterfaceOrientationLandscapeLeft UIInterfaceOrientationLandscapeRight";
				INFOPLIST_KEY_UISupportedInterfaceOrientations_iPhone = "UIInterfaceOrientationPortrait UIInterfaceOrientationLandscapeLeft UIInterfaceOrientationLandscapeRight";
				LD_RUNPATH_SEARCH_PATHS = (
					"$(inherited)",
					"@executable_path/Frameworks",
				);
				MARKETING_VERSION = 1.0;
				PRODUCT_BUNDLE_IDENTIFIER = "co.bahittin.Movie-App";
				PRODUCT_NAME = "$(TARGET_NAME)";
				SWIFT_EMIT_LOC_STRINGS = YES;
				SWIFT_VERSION = 5.0;
				TARGETED_DEVICE_FAMILY = "1,2";
			};
			name = Release;
		};
/* End XCBuildConfiguration section */

/* Begin XCConfigurationList section */
		649569D12AA7A1120082C27A /* Build configuration list for PBXProject "Movie-App" */ = {
			isa = XCConfigurationList;
			buildConfigurations = (
				649569E82AA7A1130082C27A /* Debug */,
				649569E92AA7A1130082C27A /* Release */,
			);
			defaultConfigurationIsVisible = 0;
			defaultConfigurationName = Release;
		};
		649569EA2AA7A1130082C27A /* Build configuration list for PBXNativeTarget "Movie-App" */ = {
			isa = XCConfigurationList;
			buildConfigurations = (
				649569EB2AA7A1130082C27A /* Debug */,
				649569EC2AA7A1130082C27A /* Release */,
			);
			defaultConfigurationIsVisible = 0;
			defaultConfigurationName = Release;
		};
/* End XCConfigurationList section */
	};
	rootObject = 649569CE2AA7A1120082C27A /* Project object */;
}
